
Microsoft Visual Studio Solution File, Format Version 12.00
# Visual Studio Version 17
VisualStudioVersion = 17.14.36908.2 d17.14
MinimumVisualStudioVersion = 10.0.40219.1
Project("{FAE04EC0-301F-11D3-BF4B-00C04F79EFBC}") = "Uc_10_Wendel_0003_Razor", "Uc_10_Wendel_0003_Razor\Uc_10_Wendel_0003_Razor.csproj", "{8549B926-8700-4551-B495-AEA849D8F30E}"
EndProject
Global
	GlobalSection(SolutionConfigurationPlatforms) = preSolution
		Debug|Any CPU = Debug|Any CPU
		Release|Any CPU = Release|Any CPU
	EndGlobalSection
	GlobalSection(ProjectConfigurationPlatforms) = postSolution
		{8549B926-8700-4551-B495-AEA849D8F30E}.Debug|Any CPU.ActiveCfg = Debug|Any CPU
		{8549B926-8700-4551-B495-AEA849D8F30E}.Debug|Any CPU.Build.0 = Debug|Any CPU
		{8549B926-8700-4551-B495-AEA849D8F30E}.Release|Any CPU.ActiveCfg = Release|Any CPU
		{8549B926-8700-4551-B495-AEA849D8F30E}.Release|Any CPU.Build.0 = Release|Any CPU
	EndGlobalSection
	GlobalSection(SolutionProperties) = preSolution
		HideSolutionNode = FALSE
	EndGlobalSection
	GlobalSection(ExtensibilityGlobals) = postSolution
		SolutionGuid = {32AF90DA-D520-4FDA-99AF-9CB7B562669F}
	EndGlobalSection
EndGlobal
