
Microsoft Visual Studio Solution File, Format Version 12.00
# Visual Studio Version 17
VisualStudioVersion = 17.14.36908.2 d17.14
MinimumVisualStudioVersion = 10.0.40219.1
Project("{FAE04EC0-301F-11D3-BF4B-00C04F79EFBC}") = "Uc_10_Wendel_00003_Testes", "Uc_10_Wendel_00003_Testes\Uc_10_Wendel_00003_Testes.csproj", "{1A97E9A8-B2CA-42D5-A957-0E6C4B92E4CC}"
EndProject
Global
	GlobalSection(SolutionConfigurationPlatforms) = preSolution
		Debug|Any CPU = Debug|Any CPU
		Release|Any CPU = Release|Any CPU
	EndGlobalSection
	GlobalSection(ProjectConfigurationPlatforms) = postSolution
		{1A97E9A8-B2CA-42D5-A957-0E6C4B92E4CC}.Debug|Any CPU.ActiveCfg = Debug|Any CPU
		{1A97E9A8-B2CA-42D5-A957-0E6C4B92E4CC}.Debug|Any CPU.Build.0 = Debug|Any CPU
		{1A97E9A8-B2CA-42D5-A957-0E6C4B92E4CC}.Release|Any CPU.ActiveCfg = Release|Any CPU
		{1A97E9A8-B2CA-42D5-A957-0E6C4B92E4CC}.Release|Any CPU.Build.0 = Release|Any CPU
	EndGlobalSection
	GlobalSection(SolutionProperties) = preSolution
		HideSolutionNode = FALSE
	EndGlobalSection
	GlobalSection(ExtensibilityGlobals) = postSolution
		SolutionGuid = {05D641B3-CAE8-49DB-88C7-097F1139D2A8}
	EndGlobalSection
EndGlobal
